{
  "requires": true,
  "lockfileVersion": 1,
  "dependencies": {
    "escape-string-regexp": {
      "version": "2.0.0",
      "resolved": "https://registry.npmjs.org/escape-string-regexp/-/escape-string-regexp-2.0.0.tgz",
      "integrity": "sha512-UpzcLCXolUWcNu5HtVMHYdXJjArjsF9C0aNnquZYY4uW/Vu0miy5YoWvbV345HauVvcAUnpRuhMMcqTcGOY2+w=="
    },
    "invariant": {
      "version": "2.2.4",
      "resolved": "https://registry.npmjs.org/invariant/-/invariant-2.2.4.tgz",
      "integrity": "sha512-phJfQVBuaJM5raOpJjSfkiD6BpbCE4Ns//LaXl6wGYtUBY83nWS6Rf9tXm2e8VaK60JEjYldbPif/A2B1C2gNA==",
      "requires": {
        "loose-envify": "^1.0.0"
      }
    },
    "js-tokens": {
      "version": "4.0.0",
      "resolved": "https://registry.npmjs.org/js-tokens/-/js-tokens-4.0.0.tgz",
      "integrity": "sha512-RdJUflcE3cUzKiMqQgsCu06FPu9UdIJO0beYbPhHN4k6apgJtifcoCtT9bcxOpYBtpD2kCM6Sbzg4CausW/PKQ=="
    },
    "loose-envify": {
      "version": "1.4.0",
      "resolved": "https://registry.npmjs.org/loose-envify/-/loose-envify-1.4.0.tgz",
      "integrity": "sha512-lyuxPGr/Wfhrlem2CL/UcnUc1zcqKAImBDzukY7Y5F/yQiNdko6+fRLevlw1HgMySw7f611UIY408EtxRSoK3Q==",
      "requires": {
        "js-tokens": "^3.0.0 || ^4.0.0"
      }
    },
    "react-native-modalize": {
      "version": "2.0.8",
      "resolved": "https://registry.npmjs.org/react-native-modalize/-/react-native-modalize-2.0.8.tgz",
      "integrity": "sha512-OKdpFVExEe4YM2uFHL/aStS9p0JaC6gBupjaW1QVHkGq22T2ASYwkhDvTnMS8BLOLWPx2fC3xEBzOcn2rh7EYw=="
    },
    "react-native-webview": {
      "version": "11.2.3",
      "resolved": "https://registry.npmjs.org/react-native-webview/-/react-native-webview-11.2.3.tgz",
      "integrity": "sha512-r/K+Lf/O5aij72gRndMX2qsyQ/WLtDPiO75SS57y6JjqSKxedGASVL9Jwl1TM7fCXqUq8dgiwik/LuBHbJXAEg==",
      "requires": {
        "escape-string-regexp": "2.0.0",
        "invariant": "2.2.4"
      }
    }
  }
}
