{
  "requires": true,
  "lockfileVersion": 1,
  "dependencies": {
    "react-native-infinite-masonry": {
      "version": "0.0.3",
      "resolved": "https://registry.npmjs.org/react-native-infinite-masonry/-/react-native-infinite-masonry-0.0.3.tgz",
      "integrity": "sha512-cVgXYSVLLNZDsGanR6aeiMjuFYl77B37lpt1CMpox9aLHYVjbYcEdzEhcOFkS/XEbGXilSuVwd1D9rIIvwGJBg=="
    }
  }
}
